
Microsoft Visual Studio Solution File, Format Version 12.00
# Visual Studio Version 17
VisualStudioVersion = 17.7.34202.233
MinimumVisualStudioVersion = 10.0.40219.1
Project("{FAE04EC0-301F-11D3-BF4B-00C04F79EFBC}") = "DelegateLesson", "DelegateLesson\DelegateLesson.csproj", "{DCF79146-A7E9-4164-8360-FA9FDEB30F76}"
EndProject
Global
	GlobalSection(SolutionConfigurationPlatforms) = preSolution
		Debug|Any CPU = Debug|Any CPU
		Release|Any CPU = Release|Any CPU
	EndGlobalSection
	GlobalSection(ProjectConfigurationPlatforms) = postSolution
		{DCF79146-A7E9-4164-8360-FA9FDEB30F76}.Debug|Any CPU.ActiveCfg = Debug|Any CPU
		{DCF79146-A7E9-4164-8360-FA9FDEB30F76}.Debug|Any CPU.Build.0 = Debug|Any CPU
		{DCF79146-A7E9-4164-8360-FA9FDEB30F76}.Release|Any CPU.ActiveCfg = Release|Any CPU
		{DCF79146-A7E9-4164-8360-FA9FDEB30F76}.Release|Any CPU.Build.0 = Release|Any CPU
	EndGlobalSection
	GlobalSection(SolutionProperties) = preSolution
		HideSolutionNode = FALSE
	EndGlobalSection
	GlobalSection(ExtensibilityGlobals) = postSolution
		SolutionGuid = {D24D5B91-D7EF-4513-8A4E-3EDD303AB597}
	EndGlobalSection
EndGlobal
